
Microsoft Visual Studio Solution File, Format Version 12.00
# Visual Studio Version 16
VisualStudioVersion = 25.0.1706.3
MinimumVisualStudioVersion = 10.0.40219.1
Project("{FAE04EC0-301F-11D3-BF4B-00C04F79EFBC}") = "Week5LogicalOperators", "Week5LogicalOperators\Week5LogicalOperators.csproj", "{F99FA78E-88AB-4C0A-9482-477174C8EC1D}"
EndProject
Project("{FAE04EC0-301F-11D3-BF4B-00C04F79EFBC}") = "ANDOperator", "ANDOperator\ANDOperator.csproj", "{3CC15A60-9EFE-484C-AA49-0C2D9E432096}"
EndProject
Project("{FAE04EC0-301F-11D3-BF4B-00C04F79EFBC}") = "OrOperator", "OrOperator\OrOperator.csproj", "{59AAEA59-DC2C-44FF-B8F4-9AAC2D780979}"
EndProject
Project("{FAE04EC0-301F-11D3-BF4B-00C04F79EFBC}") = "ANDRanges", "ANDRanges\ANDRanges.csproj", "{465370CA-3D74-4E69-9C03-DBEF4FBE72B2}"
EndProject
Global
	GlobalSection(SolutionConfigurationPlatforms) = preSolution
		Debug|Any CPU = Debug|Any CPU
		Release|Any CPU = Release|Any CPU
	EndGlobalSection
	GlobalSection(ProjectConfigurationPlatforms) = postSolution
		{F99FA78E-88AB-4C0A-9482-477174C8EC1D}.Debug|Any CPU.ActiveCfg = Debug|Any CPU
		{F99FA78E-88AB-4C0A-9482-477174C8EC1D}.Debug|Any CPU.Build.0 = Debug|Any CPU
		{F99FA78E-88AB-4C0A-9482-477174C8EC1D}.Release|Any CPU.ActiveCfg = Release|Any CPU
		{F99FA78E-88AB-4C0A-9482-477174C8EC1D}.Release|Any CPU.Build.0 = Release|Any CPU
		{3CC15A60-9EFE-484C-AA49-0C2D9E432096}.Debug|Any CPU.ActiveCfg = Debug|Any CPU
		{3CC15A60-9EFE-484C-AA49-0C2D9E432096}.Debug|Any CPU.Build.0 = Debug|Any CPU
		{3CC15A60-9EFE-484C-AA49-0C2D9E432096}.Release|Any CPU.ActiveCfg = Release|Any CPU
		{3CC15A60-9EFE-484C-AA49-0C2D9E432096}.Release|Any CPU.Build.0 = Release|Any CPU
		{59AAEA59-DC2C-44FF-B8F4-9AAC2D780979}.Debug|Any CPU.ActiveCfg = Debug|Any CPU
		{59AAEA59-DC2C-44FF-B8F4-9AAC2D780979}.Debug|Any CPU.Build.0 = Debug|Any CPU
		{59AAEA59-DC2C-44FF-B8F4-9AAC2D780979}.Release|Any CPU.ActiveCfg = Release|Any CPU
		{59AAEA59-DC2C-44FF-B8F4-9AAC2D780979}.Release|Any CPU.Build.0 = Release|Any CPU
		{465370CA-3D74-4E69-9C03-DBEF4FBE72B2}.Debug|Any CPU.ActiveCfg = Debug|Any CPU
		{465370CA-3D74-4E69-9C03-DBEF4FBE72B2}.Debug|Any CPU.Build.0 = Debug|Any CPU
		{465370CA-3D74-4E69-9C03-DBEF4FBE72B2}.Release|Any CPU.ActiveCfg = Release|Any CPU
		{465370CA-3D74-4E69-9C03-DBEF4FBE72B2}.Release|Any CPU.Build.0 = Release|Any CPU
	EndGlobalSection
	GlobalSection(SolutionProperties) = preSolution
		HideSolutionNode = FALSE
	EndGlobalSection
	GlobalSection(ExtensibilityGlobals) = postSolution
		SolutionGuid = {FA25A0DA-8C51-4672-B6FC-28C9ABE84082}
	EndGlobalSection
EndGlobal
